<?xml version="1.0" encoding="utf-8"?>
<Project ToolsVersion="4.0" xmlns="http://schemas.microsoft.com/developer/msbuild/2003">
  <ItemGroup>
    <Filter Include="Source Files">
      <UniqueIdentifier>{4FC737F1-C7A5-4376-A066-2A32D752A2FF}</UniqueIdentifier>
      <Extensions>cpp;c;cc;cxx;def;odl;idl;hpj;bat;asm;asmx</Extensions>
    </Filter>
    <Filter Include="Header Files">
      <UniqueIdentifier>{93995380-89BD-4b04-88EB-625FBE52EBFB}</UniqueIdentifier>
      <Extensions>h;hh;hpp;hxx;hm;inl;inc;ipp;xsd</Extensions>
    </Filter>
    <Filter Include="Resource Files">
      <UniqueIdentifier>{67DA6AB6-F800-4c08-8B7A-83BB121AAD01}</UniqueIdentifier>
      <Extensions>rc;ico;cur;bmp;dlg;rc2;rct;bin;rgs;gif;jpg;jpeg;jpe;resx;tiff;tif;png;wav;mfcribbon-ms</Extensions>
    </Filter>
  </ItemGroup>
  <ItemGroup>
    <ClCompile Include="Main.cpp">
      <Filter>Source Files</Filter>
    </ClCompile>
    <ClCompile Include="include\DBCommandsProcessor\commands\aggregate\BaseClasses\BaseAggregateCommand.cpp">
      <Filter>Source Files</Filter>
    </ClCompile>
    <ClCompile Include="include\DBCommandsProcessor\commands\aggregate\MaximumCommand.cpp">
      <Filter>Source Files</Filter>
    </ClCompile>
    <ClCompile Include="include\DBCommandsProcessor\commands\aggregate\MinimumCommand.cpp">
      <Filter>Source Files</Filter>
    </ClCompile>
    <ClCompile Include="include\DBCommandsProcessor\commands\aggregate\ProductCommand.cpp">
      <Filter>Source Files</Filter>
    </ClCompile>
    <ClCompile Include="include\DBCommandsProcessor\commands\aggregate\SumCommand.cpp">
      <Filter>Source Files</Filter>
    </ClCompile>
    <ClCompile Include="include\DBCommandsProcessor\commands\BaseClasses\DBCommandValidator.cpp">
      <Filter>Source Files</Filter>
    </ClCompile>
    <ClCompile Include="include\DBCommandsProcessor\commands\BaseClasses\DBFileCommand.cpp">
      <Filter>Source Files</Filter>
    </ClCompile>
    <ClCompile Include="include\DBCommandsProcessor\commands\BaseClasses\DBFileCommandParameters.cpp">
      <Filter>Source Files</Filter>
    </ClCompile>
    <ClCompile Include="include\DBCommandsProcessor\commands\AggregateCommand.cpp">
      <Filter>Source Files</Filter>
    </ClCompile>
    <ClCompile Include="include\DBCommandsProcessor\commands\CountCommand.cpp">
      <Filter>Source Files</Filter>
    </ClCompile>
    <ClCompile Include="include\DBCommandsProcessor\commands\DeleteCommand.cpp">
      <Filter>Source Files</Filter>
    </ClCompile>
    <ClCompile Include="include\DBCommandsProcessor\commands\DescribeCommand.cpp">
      <Filter>Source Files</Filter>
    </ClCompile>
    <ClCompile Include="include\DBCommandsProcessor\commands\ExportCommand.cpp">
      <Filter>Source Files</Filter>
    </ClCompile>
    <ClCompile Include="include\DBCommandsProcessor\commands\ImportCommand.cpp">
      <Filter>Source Files</Filter>
    </ClCompile>
    <ClCompile Include="include\DBCommandsProcessor\commands\InnerJoinCommand.cpp">
      <Filter>Source Files</Filter>
    </ClCompile>
    <ClCompile Include="include\DBCommandsProcessor\commands\InsertCommand.cpp">
      <Filter>Source Files</Filter>
    </ClCompile>
    <ClCompile Include="include\DBCommandsProcessor\commands\PrintCommand.cpp">
      <Filter>Source Files</Filter>
    </ClCompile>
    <ClCompile Include="include\DBCommandsProcessor\commands\RenameCommand.cpp">
      <Filter>Source Files</Filter>
    </ClCompile>
    <ClCompile Include="include\DBCommandsProcessor\commands\SelectCommand.cpp">
      <Filter>Source Files</Filter>
    </ClCompile>
    <ClCompile Include="include\DBCommandsProcessor\commands\ShowTablesCommand.cpp">
      <Filter>Source Files</Filter>
    </ClCompile>
    <ClCompile Include="include\DBCommandsProcessor\commands\UpdateCommand.cpp">
      <Filter>Source Files</Filter>
    </ClCompile>
    <ClCompile Include="include\DBCommandsProcessor\config\DCPConfig.cpp">
      <Filter>Source Files</Filter>
    </ClCompile>
    <ClCompile Include="include\DBCommandsProcessor\config\DCPErrors.cpp">
      <Filter>Source Files</Filter>
    </ClCompile>
    <ClCompile Include="include\DBCommandsProcessor\config\DCPMessages.cpp">
      <Filter>Source Files</Filter>
    </ClCompile>
    <ClCompile Include="include\DBCommandsProcessor\FilesHandlers\DBFile.cpp">
      <Filter>Source Files</Filter>
    </ClCompile>
    <ClCompile Include="include\DBCommandsProcessor\FilesHandlers\TableFile.cpp">
      <Filter>Source Files</Filter>
    </ClCompile>
    <ClCompile Include="include\DBCommandsProcessor\DBCommandsProcessor.cpp">
      <Filter>Source Files</Filter>
    </ClCompile>
    <ClCompile Include="include\FileCommandsProcessor\commands\BaseClasses\Command.cpp">
      <Filter>Source Files</Filter>
    </ClCompile>
    <ClCompile Include="include\FileCommandsProcessor\commands\BaseClasses\CommandValidator.cpp">
      <Filter>Source Files</Filter>
    </ClCompile>
    <ClCompile Include="include\FileCommandsProcessor\commands\BaseClasses\FileCommand.cpp">
      <Filter>Source Files</Filter>
    </ClCompile>
    <ClCompile Include="include\FileCommandsProcessor\commands\BaseClasses\FileCommandParameters.cpp">
      <Filter>Source Files</Filter>
    </ClCompile>
    <ClCompile Include="include\FileCommandsProcessor\commands\CloseCommand.cpp">
      <Filter>Source Files</Filter>
    </ClCompile>
    <ClCompile Include="include\FileCommandsProcessor\commands\ExitCommand.cpp">
      <Filter>Source Files</Filter>
    </ClCompile>
    <ClCompile Include="include\FileCommandsProcessor\commands\HelpCommand.cpp">
      <Filter>Source Files</Filter>
    </ClCompile>
    <ClCompile Include="include\FileCommandsProcessor\commands\OpenCommand.cpp">
      <Filter>Source Files</Filter>
    </ClCompile>
    <ClCompile Include="include\FileCommandsProcessor\commands\SaveAsCommand.cpp">
      <Filter>Source Files</Filter>
    </ClCompile>
    <ClCompile Include="include\FileCommandsProcessor\commands\SaveCommand.cpp">
      <Filter>Source Files</Filter>
    </ClCompile>
    <ClCompile Include="include\FileCommandsProcessor\config\FCPConfig.cpp">
      <Filter>Source Files</Filter>
    </ClCompile>
    <ClCompile Include="include\FileCommandsProcessor\config\FCPErrors.cpp">
      <Filter>Source Files</Filter>
    </ClCompile>
    <ClCompile Include="include\FileCommandsProcessor\config\FCPMessages.cpp">
      <Filter>Source Files</Filter>
    </ClCompile>
    <ClCompile Include="include\FileCommandsProcessor\FileCommandsProcessor.cpp">
      <Filter>Source Files</Filter>
    </ClCompile>
    <ClCompile Include="include\Loggers\ConsoleLogger.cpp">
      <Filter>Source Files</Filter>
    </ClCompile>
    <ClCompile Include="include\Loggers\FileLogger.cpp">
      <Filter>Source Files</Filter>
    </ClCompile>
    <ClCompile Include="include\Pagination\commands\NextCommand.cpp">
      <Filter>Source Files</Filter>
    </ClCompile>
    <ClCompile Include="include\Pagination\commands\PrevCommand.cpp">
      <Filter>Source Files</Filter>
    </ClCompile>
    <ClCompile Include="include\Pagination\config\PaginationConfig.cpp">
      <Filter>Source Files</Filter>
    </ClCompile>
    <ClCompile Include="include\Pagination\config\PaginationErrors.cpp">
      <Filter>Source Files</Filter>
    </ClCompile>
    <ClCompile Include="include\Pagination\config\PaginationMessages.cpp">
      <Filter>Source Files</Filter>
    </ClCompile>
    <ClCompile Include="include\Pagination\Pagination.cpp">
      <Filter>Source Files</Filter>
    </ClCompile>
    <ClCompile Include="include\File.cpp">
      <Filter>Source Files</Filter>
    </ClCompile>
    <ClCompile Include="include\String.cpp">
      <Filter>Source Files</Filter>
    </ClCompile>
    <ClCompile Include="include\Vector.cpp">
      <Filter>Source Files</Filter>
    </ClCompile>
    <ClCompile Include="include\DBCommandsProcessor\commands\AddColumnCommand.cpp">
      <Filter>Source Files</Filter>
    </ClCompile>
    <ClCompile Include="src\models\User.cpp">
      <Filter>Source Files</Filter>
    </ClCompile>
    <ClCompile Include="include\Date.cpp">
      <Filter>Source Files</Filter>
    </ClCompile>
    <ClCompile Include="src\config\AppConfig.cpp">
      <Filter>Source Files</Filter>
    </ClCompile>
    <ClCompile Include="src\config\AppErrors.cpp">
      <Filter>Source Files</Filter>
    </ClCompile>
    <ClCompile Include="src\config\AppMessages.cpp">
      <Filter>Source Files</Filter>
    </ClCompile>
    <ClCompile Include="src\models\Excursion.cpp">
      <Filter>Source Files</Filter>
    </ClCompile>
    <ClCompile Include="src\models\Destination.cpp">
      <Filter>Source Files</Filter>
    </ClCompile>
    <ClCompile Include="src\repositories\DestinationRepository.cpp">
      <Filter>Source Files</Filter>
    </ClCompile>
    <ClCompile Include="src\repositories\ExcursionRepository.cpp">
      <Filter>Source Files</Filter>
    </ClCompile>
    <ClCompile Include="src\repositories\UserRepository.cpp">
      <Filter>Source Files</Filter>
    </ClCompile>
    <ClCompile Include="src\repositories\FriendshipRepository.cpp">
      <Filter>Source Files</Filter>
    </ClCompile>
    <ClCompile Include="include\Pagination\commands\BaseClasses\PaginationCommand.cpp">
      <Filter>Source Files</Filter>
    </ClCompile>
    <ClCompile Include="src\commands\BaseClasses\AppCommand.cpp">
      <Filter>Source Files</Filter>
    </ClCompile>
    <ClCompile Include="src\commands\AddFriendCommand.cpp">
      <Filter>Source Files</Filter>
    </ClCompile>
    <ClCompile Include="src\commands\GetFriendsExcursionsCommand.cpp">
      <Filter>Source Files</Filter>
    </ClCompile>
    <ClCompile Include="src\commands\RegisterCommand.cpp">
      <Filter>Source Files</Filter>
    </ClCompile>
    <ClCompile Include="src\commands\RemoveFriendCommand.cpp">
      <Filter>Source Files</Filter>
    </ClCompile>
    <ClCompile Include="src\commands\BaseClasses\AppCommandValidator.cpp">
      <Filter>Source Files</Filter>
    </ClCompile>
    <ClCompile Include="src\commands\BaseClasses\AppCommandParameters.cpp">
      <Filter>Source Files</Filter>
    </ClCompile>
    <ClCompile Include="src\AppCommandsProcessor.cpp">
      <Filter>Source Files</Filter>
    </ClCompile>
    <ClCompile Include="src\commands\AppExitCommand.cpp">
      <Filter>Source Files</Filter>
    </ClCompile>
    <ClCompile Include="src\commands\LoginCommand.cpp">
      <Filter>Source Files</Filter>
    </ClCompile>
    <ClCompile Include="src\commands\RemoveExcursionCommand.cpp">
      <Filter>Source Files</Filter>
    </ClCompile>
    <ClCompile Include="src\commands\AddExcursionCommand.cpp">
      <Filter>Source Files</Filter>
    </ClCompile>
    <ClCompile Include="src\commands\GetDestinationGradeCommand.cpp">
      <Filter>Source Files</Filter>
    </ClCompile>
    <ClCompile Include="src\commands\AppHelpCommand.cpp">
      <Filter>Source Files</Filter>
    </ClCompile>
  </ItemGroup>
  <ItemGroup>
    <ClInclude Include="include\DBCommandsProcessor\commands\aggregate\BaseClasses\BaseAggregateCommand.h">
      <Filter>Header Files</Filter>
    </ClInclude>
    <ClInclude Include="include\DBCommandsProcessor\commands\aggregate\MaximumCommand.h">
      <Filter>Header Files</Filter>
    </ClInclude>
    <ClInclude Include="include\DBCommandsProcessor\commands\aggregate\MinimumCommand.h">
      <Filter>Header Files</Filter>
    </ClInclude>
    <ClInclude Include="include\DBCommandsProcessor\commands\aggregate\ProductCommand.h">
      <Filter>Header Files</Filter>
    </ClInclude>
    <ClInclude Include="include\DBCommandsProcessor\commands\aggregate\SumCommand.h">
      <Filter>Header Files</Filter>
    </ClInclude>
    <ClInclude Include="include\DBCommandsProcessor\commands\BaseClasses\DBCommandValidator.h">
      <Filter>Header Files</Filter>
    </ClInclude>
    <ClInclude Include="include\DBCommandsProcessor\commands\BaseClasses\DBFileCommand.h">
      <Filter>Header Files</Filter>
    </ClInclude>
    <ClInclude Include="include\DBCommandsProcessor\commands\BaseClasses\DBFileCommandParameters.h">
      <Filter>Header Files</Filter>
    </ClInclude>
    <ClInclude Include="include\DBCommandsProcessor\commands\AddColumnCommand.h">
      <Filter>Header Files</Filter>
    </ClInclude>
    <ClInclude Include="include\DBCommandsProcessor\commands\AggregateCommand.h">
      <Filter>Header Files</Filter>
    </ClInclude>
    <ClInclude Include="include\DBCommandsProcessor\commands\CountCommand.h">
      <Filter>Header Files</Filter>
    </ClInclude>
    <ClInclude Include="include\DBCommandsProcessor\commands\DeleteCommand.h">
      <Filter>Header Files</Filter>
    </ClInclude>
    <ClInclude Include="include\DBCommandsProcessor\commands\DescribeCommand.h">
      <Filter>Header Files</Filter>
    </ClInclude>
    <ClInclude Include="include\DBCommandsProcessor\commands\ExportCommand.h">
      <Filter>Header Files</Filter>
    </ClInclude>
    <ClInclude Include="include\DBCommandsProcessor\commands\ImportCommand.h">
      <Filter>Header Files</Filter>
    </ClInclude>
    <ClInclude Include="include\DBCommandsProcessor\commands\InnerJoinCommand.h">
      <Filter>Header Files</Filter>
    </ClInclude>
    <ClInclude Include="include\DBCommandsProcessor\commands\InsertCommand.h">
      <Filter>Header Files</Filter>
    </ClInclude>
    <ClInclude Include="include\DBCommandsProcessor\commands\PrintCommand.h">
      <Filter>Header Files</Filter>
    </ClInclude>
    <ClInclude Include="include\DBCommandsProcessor\commands\RenameCommand.h">
      <Filter>Header Files</Filter>
    </ClInclude>
    <ClInclude Include="include\DBCommandsProcessor\commands\SelectCommand.h">
      <Filter>Header Files</Filter>
    </ClInclude>
    <ClInclude Include="include\DBCommandsProcessor\commands\ShowTablesCommand.h">
      <Filter>Header Files</Filter>
    </ClInclude>
    <ClInclude Include="include\DBCommandsProcessor\commands\UpdateCommand.h">
      <Filter>Header Files</Filter>
    </ClInclude>
    <ClInclude Include="include\DBCommandsProcessor\config\DCPConfig.h">
      <Filter>Header Files</Filter>
    </ClInclude>
    <ClInclude Include="include\DBCommandsProcessor\config\DCPErrors.h">
      <Filter>Header Files</Filter>
    </ClInclude>
    <ClInclude Include="include\DBCommandsProcessor\config\DCPMessages.h">
      <Filter>Header Files</Filter>
    </ClInclude>
    <ClInclude Include="include\DBCommandsProcessor\FilesHandlers\DBFile.h">
      <Filter>Header Files</Filter>
    </ClInclude>
    <ClInclude Include="include\DBCommandsProcessor\FilesHandlers\TableFile.h">
      <Filter>Header Files</Filter>
    </ClInclude>
    <ClInclude Include="include\DBCommandsProcessor\DBCommandsProcessor.h">
      <Filter>Header Files</Filter>
    </ClInclude>
    <ClInclude Include="include\FileCommandsProcessor\commands\BaseClasses\Command.h">
      <Filter>Header Files</Filter>
    </ClInclude>
    <ClInclude Include="include\FileCommandsProcessor\commands\BaseClasses\CommandValidator.h">
      <Filter>Header Files</Filter>
    </ClInclude>
    <ClInclude Include="include\FileCommandsProcessor\commands\BaseClasses\FileCommand.h">
      <Filter>Header Files</Filter>
    </ClInclude>
    <ClInclude Include="include\FileCommandsProcessor\commands\BaseClasses\FileCommandParameters.h">
      <Filter>Header Files</Filter>
    </ClInclude>
    <ClInclude Include="include\FileCommandsProcessor\commands\CloseCommand.h">
      <Filter>Header Files</Filter>
    </ClInclude>
    <ClInclude Include="include\FileCommandsProcessor\commands\ExitCommand.h">
      <Filter>Header Files</Filter>
    </ClInclude>
    <ClInclude Include="include\FileCommandsProcessor\commands\HelpCommand.h">
      <Filter>Header Files</Filter>
    </ClInclude>
    <ClInclude Include="include\FileCommandsProcessor\commands\OpenCommand.h">
      <Filter>Header Files</Filter>
    </ClInclude>
    <ClInclude Include="include\FileCommandsProcessor\commands\SaveAsCommand.h">
      <Filter>Header Files</Filter>
    </ClInclude>
    <ClInclude Include="include\FileCommandsProcessor\commands\SaveCommand.h">
      <Filter>Header Files</Filter>
    </ClInclude>
    <ClInclude Include="include\FileCommandsProcessor\config\FCPConfig.h">
      <Filter>Header Files</Filter>
    </ClInclude>
    <ClInclude Include="include\FileCommandsProcessor\config\FCPErrors.h">
      <Filter>Header Files</Filter>
    </ClInclude>
    <ClInclude Include="include\FileCommandsProcessor\config\FCPMessages.h">
      <Filter>Header Files</Filter>
    </ClInclude>
    <ClInclude Include="include\FileCommandsProcessor\FileCommandsProcessor.h">
      <Filter>Header Files</Filter>
    </ClInclude>
    <ClInclude Include="include\Loggers\interfaces\ILogger.h">
      <Filter>Header Files</Filter>
    </ClInclude>
    <ClInclude Include="include\Loggers\ConsoleLogger.h">
      <Filter>Header Files</Filter>
    </ClInclude>
    <ClInclude Include="include\Loggers\FileLogger.h">
      <Filter>Header Files</Filter>
    </ClInclude>
    <ClInclude Include="include\Pagination\commands\NextCommand.h">
      <Filter>Header Files</Filter>
    </ClInclude>
    <ClInclude Include="include\Pagination\commands\PrevCommand.h">
      <Filter>Header Files</Filter>
    </ClInclude>
    <ClInclude Include="include\Pagination\config\PaginationConfig.h">
      <Filter>Header Files</Filter>
    </ClInclude>
    <ClInclude Include="include\Pagination\config\PaginationErrors.h">
      <Filter>Header Files</Filter>
    </ClInclude>
    <ClInclude Include="include\Pagination\config\PaginationMessages.h">
      <Filter>Header Files</Filter>
    </ClInclude>
    <ClInclude Include="include\Pagination\Pagination.h">
      <Filter>Header Files</Filter>
    </ClInclude>
    <ClInclude Include="include\File.h">
      <Filter>Header Files</Filter>
    </ClInclude>
    <ClInclude Include="include\String.h">
      <Filter>Header Files</Filter>
    </ClInclude>
    <ClInclude Include="include\Vector.h">
      <Filter>Header Files</Filter>
    </ClInclude>
    <ClInclude Include="src\models\User.h">
      <Filter>Header Files</Filter>
    </ClInclude>
    <ClInclude Include="include\Date.h">
      <Filter>Header Files</Filter>
    </ClInclude>
    <ClInclude Include="src\config\AppConfig.h">
      <Filter>Header Files</Filter>
    </ClInclude>
    <ClInclude Include="src\config\AppErrors.h">
      <Filter>Header Files</Filter>
    </ClInclude>
    <ClInclude Include="src\config\AppMessages.h">
      <Filter>Header Files</Filter>
    </ClInclude>
    <ClInclude Include="src\models\Excursion.h">
      <Filter>Header Files</Filter>
    </ClInclude>
    <ClInclude Include="src\models\Destination.h">
      <Filter>Header Files</Filter>
    </ClInclude>
    <ClInclude Include="src\repositories\DestinationRepository.h">
      <Filter>Header Files</Filter>
    </ClInclude>
    <ClInclude Include="src\repositories\ExcursionRepository.h">
      <Filter>Header Files</Filter>
    </ClInclude>
    <ClInclude Include="src\repositories\UserRepository.h">
      <Filter>Header Files</Filter>
    </ClInclude>
    <ClInclude Include="src\repositories\FriendshipRepository.h">
      <Filter>Header Files</Filter>
    </ClInclude>
    <ClInclude Include="include\Pagination\commands\BaseClasses\PaginationCommand.h">
      <Filter>Header Files</Filter>
    </ClInclude>
    <ClInclude Include="src\commands\BaseClasses\AppCommand.h">
      <Filter>Header Files</Filter>
    </ClInclude>
    <ClInclude Include="src\commands\AddFriendCommand.h">
      <Filter>Header Files</Filter>
    </ClInclude>
    <ClInclude Include="src\commands\GetFriendsExcursionsCommand.h">
      <Filter>Header Files</Filter>
    </ClInclude>
    <ClInclude Include="src\commands\RegisterCommand.h">
      <Filter>Header Files</Filter>
    </ClInclude>
    <ClInclude Include="src\commands\RemoveFriendCommand.h">
      <Filter>Header Files</Filter>
    </ClInclude>
    <ClInclude Include="src\commands\BaseClasses\AppCommandValidator.h">
      <Filter>Header Files</Filter>
    </ClInclude>
    <ClInclude Include="src\commands\BaseClasses\AppCommandParameters.h">
      <Filter>Header Files</Filter>
    </ClInclude>
    <ClInclude Include="src\AppCommandsProcessor.h">
      <Filter>Header Files</Filter>
    </ClInclude>
    <ClInclude Include="src\commands\AppExitCommand.h">
      <Filter>Header Files</Filter>
    </ClInclude>
    <ClInclude Include="src\commands\LoginCommand.h">
      <Filter>Header Files</Filter>
    </ClInclude>
    <ClInclude Include="src\commands\RemoveExcursionCommand.h">
      <Filter>Header Files</Filter>
    </ClInclude>
    <ClInclude Include="src\commands\AddExcursionCommand.h">
      <Filter>Header Files</Filter>
    </ClInclude>
    <ClInclude Include="src\commands\GetDestinationGradeCommand.h">
      <Filter>Header Files</Filter>
    </ClInclude>
    <ClInclude Include="src\commands\AppHelpCommand.h">
      <Filter>Header Files</Filter>
    </ClInclude>
  </ItemGroup>
  <ItemGroup>
    <None Include="logs\.gitignore" />
    <None Include="db-files\users.db" />
    <None Include="db-files\friendships.db" />
    <None Include="db-files\destinations.db" />
    <None Include="db-files\application.db" />
    <None Include="db-files\sasho.db" />
    <None Include="db-files\pesho.db" />
    <None Include="db-files\gosho.db" />
  </ItemGroup>
</Project>